
Microsoft Visual Studio Solution File, Format Version 12.00
# Visual Studio 15
VisualStudioVersion = 15.0.27004.2009
MinimumVisualStudioVersion = 10.0.40219.1
Project("{9A19103F-16F7-4668-BE54-9A1E7A4F7556}") = "Terab.Lib", "src\Terab.Lib\Terab.Lib.csproj", "{E24D8768-350E-4AB9-9687-480660318EC1}"
	ProjectSection(ProjectDependencies) = postProject
		{71BF4734-1E92-468E-9B95-F374975FB471} = {71BF4734-1E92-468E-9B95-F374975FB471}
	EndProjectSection
EndProject
Project("{9A19103F-16F7-4668-BE54-9A1E7A4F7556}") = "Terab.Lib.Tests", "test\Terab.Lib.Tests\Terab.Lib.Tests.csproj", "{CE5D3E1F-F938-4B14-928F-9F0E6D0A37BA}"
EndProject
Project("{9A19103F-16F7-4668-BE54-9A1E7A4F7556}") = "Terab.Server", "src\Terab.Server\Terab.Server.csproj", "{7C0D05D0-E54A-4327-85AD-0A7B8C4E6E98}"
EndProject
Project("{9A19103F-16F7-4668-BE54-9A1E7A4F7556}") = "Terab.Benchmark", "test\Terab.Benchmark\Terab.Benchmark.csproj", "{3E431E22-51C1-4F25-A676-01AB702C2A04}"
EndProject
Project("{9A19103F-16F7-4668-BE54-9A1E7A4F7556}") = "LightningDB", "extern\src\LightningDB\LightningDB.csproj", "{50E6F997-798F-40C5-AF44-562A8619E369}"
	ProjectSection(ProjectDependencies) = postProject
		{E8AB7EF4-60B8-4FE7-A5F2-199300E86070} = {E8AB7EF4-60B8-4FE7-A5F2-199300E86070}
	EndProjectSection
EndProject
Project("{2150E333-8FDC-42A3-9474-1A3956D46DE8}") = "extern", "extern", "{2625379A-8CCF-4DCA-B02B-7B303F004412}"
EndProject
Project("{9A19103F-16F7-4668-BE54-9A1E7A4F7556}") = "LightningDB.Tests", "extern\test\LightningDB.Tests\LightningDB.Tests.csproj", "{B0559361-3EDE-42F7-8C8F-8FA669D2CECF}"
EndProject
Project("{8BC9CEB8-8B4A-11D0-8D11-00A0C91BC942}") = "Terab.Client", "src\Terab.Client\Terab.Client.vcxproj", "{71BF4734-1E92-468E-9B95-F374975FB471}"
EndProject
Project("{2150E333-8FDC-42A3-9474-1A3956D46DE8}") = "Solution Items", "Solution Items", "{0828494C-BD65-42B4-A061-C30B18E67210}"
	ProjectSection(SolutionItems) = preProject
		Contributing.md = Contributing.md
		License-MIT-BCH.md = License-MIT-BCH.md
		License-MIT.md = License-MIT.md
		License.md = License.md
		ReadMe.md = ReadMe.md
	EndProjectSection
EndProject
Project("{8BC9CEB8-8B4A-11D0-8D11-00A0C91BC942}") = "lmdb", "extern\src\lmdb\lmdb.vcxproj", "{E8AB7EF4-60B8-4FE7-A5F2-199300E86070}"
EndProject
Project("{9A19103F-16F7-4668-BE54-9A1E7A4F7556}") = "CommandLine", "extern\src\commandline\CommandLine.csproj", "{E1BD3C65-49C3-49E7-BABA-C60980CB3F20}"
EndProject
Global
	GlobalSection(SolutionConfigurationPlatforms) = preSolution
		Debug|Any CPU = Debug|Any CPU
		Debug|x64 = Debug|x64
		Debug|x86 = Debug|x86
		Release|Any CPU = Release|Any CPU
		Release|x64 = Release|x64
		Release|x86 = Release|x86
	EndGlobalSection
	GlobalSection(ProjectConfigurationPlatforms) = postSolution
		{E24D8768-350E-4AB9-9687-480660318EC1}.Debug|Any CPU.ActiveCfg = Debug|Any CPU
		{E24D8768-350E-4AB9-9687-480660318EC1}.Debug|Any CPU.Build.0 = Debug|Any CPU
		{E24D8768-350E-4AB9-9687-480660318EC1}.Debug|x64.ActiveCfg = Debug|Any CPU
		{E24D8768-350E-4AB9-9687-480660318EC1}.Debug|x64.Build.0 = Debug|Any CPU
		{E24D8768-350E-4AB9-9687-480660318EC1}.Debug|x86.ActiveCfg = Debug|Any CPU
		{E24D8768-350E-4AB9-9687-480660318EC1}.Debug|x86.Build.0 = Debug|Any CPU
		{E24D8768-350E-4AB9-9687-480660318EC1}.Release|Any CPU.ActiveCfg = Release|Any CPU
		{E24D8768-350E-4AB9-9687-480660318EC1}.Release|Any CPU.Build.0 = Release|Any CPU
		{E24D8768-350E-4AB9-9687-480660318EC1}.Release|x64.ActiveCfg = Release|Any CPU
		{E24D8768-350E-4AB9-9687-480660318EC1}.Release|x64.Build.0 = Release|Any CPU
		{E24D8768-350E-4AB9-9687-480660318EC1}.Release|x86.ActiveCfg = Release|Any CPU
		{E24D8768-350E-4AB9-9687-480660318EC1}.Release|x86.Build.0 = Release|Any CPU
		{CE5D3E1F-F938-4B14-928F-9F0E6D0A37BA}.Debug|Any CPU.ActiveCfg = Debug|Any CPU
		{CE5D3E1F-F938-4B14-928F-9F0E6D0A37BA}.Debug|Any CPU.Build.0 = Debug|Any CPU
		{CE5D3E1F-F938-4B14-928F-9F0E6D0A37BA}.Debug|x64.ActiveCfg = Debug|Any CPU
		{CE5D3E1F-F938-4B14-928F-9F0E6D0A37BA}.Debug|x64.Build.0 = Debug|Any CPU
		{CE5D3E1F-F938-4B14-928F-9F0E6D0A37BA}.Debug|x86.ActiveCfg = Debug|Any CPU
		{CE5D3E1F-F938-4B14-928F-9F0E6D0A37BA}.Debug|x86.Build.0 = Debug|Any CPU
		{CE5D3E1F-F938-4B14-928F-9F0E6D0A37BA}.Release|Any CPU.ActiveCfg = Release|Any CPU
		{CE5D3E1F-F938-4B14-928F-9F0E6D0A37BA}.Release|Any CPU.Build.0 = Release|Any CPU
		{CE5D3E1F-F938-4B14-928F-9F0E6D0A37BA}.Release|x64.ActiveCfg = Release|Any CPU
		{CE5D3E1F-F938-4B14-928F-9F0E6D0A37BA}.Release|x64.Build.0 = Release|Any CPU
		{CE5D3E1F-F938-4B14-928F-9F0E6D0A37BA}.Release|x86.ActiveCfg = Release|Any CPU
		{CE5D3E1F-F938-4B14-928F-9F0E6D0A37BA}.Release|x86.Build.0 = Release|Any CPU
		{7C0D05D0-E54A-4327-85AD-0A7B8C4E6E98}.Debug|Any CPU.ActiveCfg = Debug|Any CPU
		{7C0D05D0-E54A-4327-85AD-0A7B8C4E6E98}.Debug|Any CPU.Build.0 = Debug|Any CPU
		{7C0D05D0-E54A-4327-85AD-0A7B8C4E6E98}.Debug|x64.ActiveCfg = Debug|Any CPU
		{7C0D05D0-E54A-4327-85AD-0A7B8C4E6E98}.Debug|x64.Build.0 = Debug|Any CPU
		{7C0D05D0-E54A-4327-85AD-0A7B8C4E6E98}.Debug|x86.ActiveCfg = Debug|Any CPU
		{7C0D05D0-E54A-4327-85AD-0A7B8C4E6E98}.Debug|x86.Build.0 = Debug|Any CPU
		{7C0D05D0-E54A-4327-85AD-0A7B8C4E6E98}.Release|Any CPU.ActiveCfg = Release|Any CPU
		{7C0D05D0-E54A-4327-85AD-0A7B8C4E6E98}.Release|Any CPU.Build.0 = Release|Any CPU
		{7C0D05D0-E54A-4327-85AD-0A7B8C4E6E98}.Release|x64.ActiveCfg = Release|Any CPU
		{7C0D05D0-E54A-4327-85AD-0A7B8C4E6E98}.Release|x64.Build.0 = Release|Any CPU
		{7C0D05D0-E54A-4327-85AD-0A7B8C4E6E98}.Release|x86.ActiveCfg = Release|Any CPU
		{7C0D05D0-E54A-4327-85AD-0A7B8C4E6E98}.Release|x86.Build.0 = Release|Any CPU
		{3E431E22-51C1-4F25-A676-01AB702C2A04}.Debug|Any CPU.ActiveCfg = Debug|Any CPU
		{3E431E22-51C1-4F25-A676-01AB702C2A04}.Debug|Any CPU.Build.0 = Debug|Any CPU
		{3E431E22-51C1-4F25-A676-01AB702C2A04}.Debug|x64.ActiveCfg = Debug|Any CPU
		{3E431E22-51C1-4F25-A676-01AB702C2A04}.Debug|x64.Build.0 = Debug|Any CPU
		{3E431E22-51C1-4F25-A676-01AB702C2A04}.Debug|x86.ActiveCfg = Debug|Any CPU
		{3E431E22-51C1-4F25-A676-01AB702C2A04}.Debug|x86.Build.0 = Debug|Any CPU
		{3E431E22-51C1-4F25-A676-01AB702C2A04}.Release|Any CPU.ActiveCfg = Release|Any CPU
		{3E431E22-51C1-4F25-A676-01AB702C2A04}.Release|Any CPU.Build.0 = Release|Any CPU
		{3E431E22-51C1-4F25-A676-01AB702C2A04}.Release|x64.ActiveCfg = Release|Any CPU
		{3E431E22-51C1-4F25-A676-01AB702C2A04}.Release|x64.Build.0 = Release|Any CPU
		{3E431E22-51C1-4F25-A676-01AB702C2A04}.Release|x86.ActiveCfg = Release|Any CPU
		{3E431E22-51C1-4F25-A676-01AB702C2A04}.Release|x86.Build.0 = Release|Any CPU
		{50E6F997-798F-40C5-AF44-562A8619E369}.Debug|Any CPU.ActiveCfg = Debug|Any CPU
		{50E6F997-798F-40C5-AF44-562A8619E369}.Debug|Any CPU.Build.0 = Debug|Any CPU
		{50E6F997-798F-40C5-AF44-562A8619E369}.Debug|x64.ActiveCfg = Debug|Any CPU
		{50E6F997-798F-40C5-AF44-562A8619E369}.Debug|x64.Build.0 = Debug|Any CPU
		{50E6F997-798F-40C5-AF44-562A8619E369}.Debug|x86.ActiveCfg = Debug|Any CPU
		{50E6F997-798F-40C5-AF44-562A8619E369}.Debug|x86.Build.0 = Debug|Any CPU
		{50E6F997-798F-40C5-AF44-562A8619E369}.Release|Any CPU.ActiveCfg = Release|Any CPU
		{50E6F997-798F-40C5-AF44-562A8619E369}.Release|Any CPU.Build.0 = Release|Any CPU
		{50E6F997-798F-40C5-AF44-562A8619E369}.Release|x64.ActiveCfg = Release|Any CPU
		{50E6F997-798F-40C5-AF44-562A8619E369}.Release|x64.Build.0 = Release|Any CPU
		{50E6F997-798F-40C5-AF44-562A8619E369}.Release|x86.ActiveCfg = Release|Any CPU
		{50E6F997-798F-40C5-AF44-562A8619E369}.Release|x86.Build.0 = Release|Any CPU
		{B0559361-3EDE-42F7-8C8F-8FA669D2CECF}.Debug|Any CPU.ActiveCfg = Debug|Any CPU
		{B0559361-3EDE-42F7-8C8F-8FA669D2CECF}.Debug|Any CPU.Build.0 = Debug|Any CPU
		{B0559361-3EDE-42F7-8C8F-8FA669D2CECF}.Debug|x64.ActiveCfg = Debug|Any CPU
		{B0559361-3EDE-42F7-8C8F-8FA669D2CECF}.Debug|x64.Build.0 = Debug|Any CPU
		{B0559361-3EDE-42F7-8C8F-8FA669D2CECF}.Debug|x86.ActiveCfg = Debug|Any CPU
		{B0559361-3EDE-42F7-8C8F-8FA669D2CECF}.Debug|x86.Build.0 = Debug|Any CPU
		{B0559361-3EDE-42F7-8C8F-8FA669D2CECF}.Release|Any CPU.ActiveCfg = Release|Any CPU
		{B0559361-3EDE-42F7-8C8F-8FA669D2CECF}.Release|Any CPU.Build.0 = Release|Any CPU
		{B0559361-3EDE-42F7-8C8F-8FA669D2CECF}.Release|x64.ActiveCfg = Release|Any CPU
		{B0559361-3EDE-42F7-8C8F-8FA669D2CECF}.Release|x64.Build.0 = Release|Any CPU
		{B0559361-3EDE-42F7-8C8F-8FA669D2CECF}.Release|x86.ActiveCfg = Release|Any CPU
		{B0559361-3EDE-42F7-8C8F-8FA669D2CECF}.Release|x86.Build.0 = Release|Any CPU
		{71BF4734-1E92-468E-9B95-F374975FB471}.Debug|Any CPU.ActiveCfg = Debug|x64
		{71BF4734-1E92-468E-9B95-F374975FB471}.Debug|Any CPU.Build.0 = Debug|x64
		{71BF4734-1E92-468E-9B95-F374975FB471}.Debug|x64.ActiveCfg = Debug|x64
		{71BF4734-1E92-468E-9B95-F374975FB471}.Debug|x64.Build.0 = Debug|x64
		{71BF4734-1E92-468E-9B95-F374975FB471}.Debug|x86.ActiveCfg = Debug|Win32
		{71BF4734-1E92-468E-9B95-F374975FB471}.Release|Any CPU.ActiveCfg = Release|x64
		{71BF4734-1E92-468E-9B95-F374975FB471}.Release|Any CPU.Build.0 = Release|x64
		{71BF4734-1E92-468E-9B95-F374975FB471}.Release|x64.ActiveCfg = Release|x64
		{71BF4734-1E92-468E-9B95-F374975FB471}.Release|x64.Build.0 = Release|x64
		{71BF4734-1E92-468E-9B95-F374975FB471}.Release|x86.ActiveCfg = Release|Win32
		{E8AB7EF4-60B8-4FE7-A5F2-199300E86070}.Debug|Any CPU.ActiveCfg = Debug|x64
		{E8AB7EF4-60B8-4FE7-A5F2-199300E86070}.Debug|Any CPU.Build.0 = Debug|x64
		{E8AB7EF4-60B8-4FE7-A5F2-199300E86070}.Debug|x64.ActiveCfg = Debug|x64
		{E8AB7EF4-60B8-4FE7-A5F2-199300E86070}.Debug|x64.Build.0 = Debug|x64
		{E8AB7EF4-60B8-4FE7-A5F2-199300E86070}.Debug|x86.ActiveCfg = Debug|Win32
		{E8AB7EF4-60B8-4FE7-A5F2-199300E86070}.Debug|x86.Build.0 = Debug|Win32
		{E8AB7EF4-60B8-4FE7-A5F2-199300E86070}.Release|Any CPU.ActiveCfg = Release|x64
		{E8AB7EF4-60B8-4FE7-A5F2-199300E86070}.Release|Any CPU.Build.0 = Release|x64
		{E8AB7EF4-60B8-4FE7-A5F2-199300E86070}.Release|x64.ActiveCfg = Release|x64
		{E8AB7EF4-60B8-4FE7-A5F2-199300E86070}.Release|x64.Build.0 = Release|x64
		{E8AB7EF4-60B8-4FE7-A5F2-199300E86070}.Release|x86.ActiveCfg = Release|Win32
		{E8AB7EF4-60B8-4FE7-A5F2-199300E86070}.Release|x86.Build.0 = Release|Win32
		{E1BD3C65-49C3-49E7-BABA-C60980CB3F20}.Debug|Any CPU.ActiveCfg = Debug|Any CPU
		{E1BD3C65-49C3-49E7-BABA-C60980CB3F20}.Debug|Any CPU.Build.0 = Debug|Any CPU
		{E1BD3C65-49C3-49E7-BABA-C60980CB3F20}.Debug|x64.ActiveCfg = Debug|Any CPU
		{E1BD3C65-49C3-49E7-BABA-C60980CB3F20}.Debug|x64.Build.0 = Debug|Any CPU
		{E1BD3C65-49C3-49E7-BABA-C60980CB3F20}.Debug|x86.ActiveCfg = Debug|Any CPU
		{E1BD3C65-49C3-49E7-BABA-C60980CB3F20}.Debug|x86.Build.0 = Debug|Any CPU
		{E1BD3C65-49C3-49E7-BABA-C60980CB3F20}.Release|Any CPU.ActiveCfg = Release|Any CPU
		{E1BD3C65-49C3-49E7-BABA-C60980CB3F20}.Release|Any CPU.Build.0 = Release|Any CPU
		{E1BD3C65-49C3-49E7-BABA-C60980CB3F20}.Release|x64.ActiveCfg = Release|Any CPU
		{E1BD3C65-49C3-49E7-BABA-C60980CB3F20}.Release|x64.Build.0 = Release|Any CPU
		{E1BD3C65-49C3-49E7-BABA-C60980CB3F20}.Release|x86.ActiveCfg = Release|Any CPU
		{E1BD3C65-49C3-49E7-BABA-C60980CB3F20}.Release|x86.Build.0 = Release|Any CPU
	EndGlobalSection
	GlobalSection(SolutionProperties) = preSolution
		HideSolutionNode = FALSE
	EndGlobalSection
	GlobalSection(NestedProjects) = preSolution
		{50E6F997-798F-40C5-AF44-562A8619E369} = {2625379A-8CCF-4DCA-B02B-7B303F004412}
		{B0559361-3EDE-42F7-8C8F-8FA669D2CECF} = {2625379A-8CCF-4DCA-B02B-7B303F004412}
		{E8AB7EF4-60B8-4FE7-A5F2-199300E86070} = {2625379A-8CCF-4DCA-B02B-7B303F004412}
		{E1BD3C65-49C3-49E7-BABA-C60980CB3F20} = {2625379A-8CCF-4DCA-B02B-7B303F004412}
	EndGlobalSection
	GlobalSection(ExtensibilityGlobals) = postSolution
		SolutionGuid = {8C9EB2AA-9DA0-41EB-9D68-21AA22B73587}
	EndGlobalSection
EndGlobal
